
Microsoft Visual Studio Solution File, Format Version 12.00
# Visual Studio Version 17
VisualStudioVersion = 17.10.34928.147
MinimumVisualStudioVersion = 10.0.40219.1
Project("{9A19103F-16F7-4668-BE54-9A1E7A4F7556}") = "SqliteQuickViewer", "SqliteQuickViewer.csproj", "{68A760BC-A329-4CBF-8FEC-28B5FC66A387}"
EndProject
Global
	GlobalSection(SolutionConfigurationPlatforms) = preSolution
		Debug|Any CPU = Debug|Any CPU
		Debug|x64 = Debug|x64
		Release|Any CPU = Release|Any CPU
		Release|x64 = Release|x64
	EndGlobalSection
	GlobalSection(ProjectConfigurationPlatforms) = postSolution
		{68A760BC-A329-4CBF-8FEC-28B5FC66A387}.Debug|Any CPU.ActiveCfg = Debug|Any CPU
		{68A760BC-A329-4CBF-8FEC-28B5FC66A387}.Debug|Any CPU.Build.0 = Debug|Any CPU
		{68A760BC-A329-4CBF-8FEC-28B5FC66A387}.Debug|x64.ActiveCfg = Debug|x64
		{68A760BC-A329-4CBF-8FEC-28B5FC66A387}.Debug|x64.Build.0 = Debug|x64
		{68A760BC-A329-4CBF-8FEC-28B5FC66A387}.Release|Any CPU.ActiveCfg = Release|Any CPU
		{68A760BC-A329-4CBF-8FEC-28B5FC66A387}.Release|Any CPU.Build.0 = Release|Any CPU
		{68A760BC-A329-4CBF-8FEC-28B5FC66A387}.Release|x64.ActiveCfg = Release|x64
		{68A760BC-A329-4CBF-8FEC-28B5FC66A387}.Release|x64.Build.0 = Release|x64
	EndGlobalSection
	GlobalSection(SolutionProperties) = preSolution
		HideSolutionNode = FALSE
	EndGlobalSection
	GlobalSection(ExtensibilityGlobals) = postSolution
		SolutionGuid = {BEFC599C-9DE8-4582-96B4-BBC3FC72CC51}
	EndGlobalSection
EndGlobal
